# This file is automatically @generated by Poetry 1.8.3 and should not be edited by hand.

[[package]]
name = "crewai"
version = "0.50.0"
description = "Framework for orchestrating role-playing autonomous AI agents"
authors = ["Joao Moura <joao.moura@crewai.com>"]
readme = "README.md"
packages = [{include = "crewai"}]
requires-python = ">=3.10,<3.14"
dependencies = [
    "langchain>=0.1.0",
    "langchain-openai>=0.1.0",
    "langchain-anthropic>=0.1.0",
    "langchain-google-genai>=0.1.0",
    "python-dotenv>=1.0.0",
]

[package.extras]
dev = [
    "pytest>=7.0.0",
    "black>=22.0.0",
    "isort>=5.0.0",
]

[build-system]
requires = ["poetry-core"]
build-backend = "poetry.core.masonry.api" 